
Microsoft Visual Studio Solution File, Format Version 12.00
# Visual Studio Version 17
VisualStudioVersion = 17.10.35013.160
MinimumVisualStudioVersion = 10.0.40219.1
Project("{FAE04EC0-301F-11D3-BF4B-00C04F79EFBC}") = "LaptopManager", "LaptopManager\LaptopManager.csproj", "{90534229-49AA-40E5-AA3C-9D5CB903C971}"
EndProject
Global
	GlobalSection(SolutionConfigurationPlatforms) = preSolution
		Debug|Any CPU = Debug|Any CPU
		Release|Any CPU = Release|Any CPU
	EndGlobalSection
	GlobalSection(ProjectConfigurationPlatforms) = postSolution
		{90534229-49AA-40E5-AA3C-9D5CB903C971}.Debug|Any CPU.ActiveCfg = Debug|Any CPU
		{90534229-49AA-40E5-AA3C-9D5CB903C971}.Debug|Any CPU.Build.0 = Debug|Any CPU
		{90534229-49AA-40E5-AA3C-9D5CB903C971}.Release|Any CPU.ActiveCfg = Release|Any CPU
		{90534229-49AA-40E5-AA3C-9D5CB903C971}.Release|Any CPU.Build.0 = Release|Any CPU
	EndGlobalSection
	GlobalSection(SolutionProperties) = preSolution
		HideSolutionNode = FALSE
	EndGlobalSection
	GlobalSection(ExtensibilityGlobals) = postSolution
		SolutionGuid = {C2B70CD6-B42A-4408-B3E3-D1817D0ADA52}
	EndGlobalSection
EndGlobal
